
Microsoft Visual Studio Solution File, Format Version 12.00
# Visual Studio Version 17
VisualStudioVersion = 17.9.34723.18
MinimumVisualStudioVersion = 10.0.40219.1
Project("{FAE04EC0-301F-11D3-BF4B-00C04F79EFBC}") = "GameZone", "GameZone\GameZone.csproj", "{0A047E83-5FEF-41E0-B38C-84422C4769E4}"
EndProject
Global
	GlobalSection(SolutionConfigurationPlatforms) = preSolution
		Debug|Any CPU = Debug|Any CPU
		Release|Any CPU = Release|Any CPU
	EndGlobalSection
	GlobalSection(ProjectConfigurationPlatforms) = postSolution
		{0A047E83-5FEF-41E0-B38C-84422C4769E4}.Debug|Any CPU.ActiveCfg = Debug|Any CPU
		{0A047E83-5FEF-41E0-B38C-84422C4769E4}.Debug|Any CPU.Build.0 = Debug|Any CPU
		{0A047E83-5FEF-41E0-B38C-84422C4769E4}.Release|Any CPU.ActiveCfg = Release|Any CPU
		{0A047E83-5FEF-41E0-B38C-84422C4769E4}.Release|Any CPU.Build.0 = Release|Any CPU
	EndGlobalSection
	GlobalSection(SolutionProperties) = preSolution
		HideSolutionNode = FALSE
	EndGlobalSection
	GlobalSection(ExtensibilityGlobals) = postSolution
		SolutionGuid = {55EB768D-3694-4EE7-AACE-672B39B99B4C}
	EndGlobalSection
EndGlobal
